github.com/abbeymart/mctest v0.5.3 h1:i2yUlvVbye43H7cmnguoYmal6azAvJVPUNollnSgmnA=
github.com/abbeymart/mctest v0.5.3/go.mod h1:KOFNuhcaJZq1lEDMXTA1qywNywH6rZ1EjPOFxpg2eBw=
github.com/abbeymart/mctest v0.5.4 h1:ogV8zzBwNFzeXZQ2qZm4Z4dI6fYEuV1YM8GUtNi1Arw=
github.com/abbeymart/mctest v0.5.4/go.mod h1:KOFNuhcaJZq1lEDMXTA1qywNywH6rZ1EjPOFxpg2eBw=
